
Microsoft Visual Studio Solution File, Format Version 12.00
# Visual Studio 2012
Project("{FAE04EC0-301F-11D3-BF4B-00C04F79EFBC}") = "DatenbankBackupTool", "DatenbankBackupTool\DatenbankBackupTool.csproj", "{DC3EACEF-0BC6-42D0-9D18-40BF0B298FCB}"
EndProject
Global
	GlobalSection(SolutionConfigurationPlatforms) = preSolution
		Debug|Any CPU = Debug|Any CPU
		Release|Any CPU = Release|Any CPU
	EndGlobalSection
	GlobalSection(ProjectConfigurationPlatforms) = postSolution
		{DC3EACEF-0BC6-42D0-9D18-40BF0B298FCB}.Debug|Any CPU.ActiveCfg = Debug|Any CPU
		{DC3EACEF-0BC6-42D0-9D18-40BF0B298FCB}.Debug|Any CPU.Build.0 = Debug|Any CPU
		{DC3EACEF-0BC6-42D0-9D18-40BF0B298FCB}.Release|Any CPU.ActiveCfg = Release|Any CPU
		{DC3EACEF-0BC6-42D0-9D18-40BF0B298FCB}.Release|Any CPU.Build.0 = Release|Any CPU
	EndGlobalSection
	GlobalSection(SolutionProperties) = preSolution
		HideSolutionNode = FALSE
	EndGlobalSection
EndGlobal
